
Microsoft Visual Studio Solution File, Format Version 12.00
# Visual Studio Version 17
VisualStudioVersion = 17.7.34024.191
MinimumVisualStudioVersion = 10.0.40219.1
Project("{8BC9CEB8-8B4A-11D0-8D11-00A0C91BC942}") = "OracleOfCopying", "OracleOfCopying\OracleOfCopying.vcxproj", "{E6DFD7F4-3191-4B7C-B6F3-18AB3FBF001F}"
	ProjectSection(ProjectDependencies) = postProject
		{A82389DA-2561-4774-BD5D-0959B7015AB7} = {A82389DA-2561-4774-BD5D-0959B7015AB7}
	EndProjectSection
EndProject
Project("{8BC9CEB8-8B4A-11D0-8D11-00A0C91BC942}") = "OoCDLL", "OoCDLL\OoCDLL.vcxproj", "{A82389DA-2561-4774-BD5D-0959B7015AB7}"
EndProject
Project("{8BC9CEB8-8B4A-11D0-8D11-00A0C91BC942}") = "AtlasGen", "AtlasGen\AtlasGen.vcxproj", "{3274DD54-63E6-4981-B27D-EFBC6FEB8424}"
	ProjectSection(ProjectDependencies) = postProject
		{A82389DA-2561-4774-BD5D-0959B7015AB7} = {A82389DA-2561-4774-BD5D-0959B7015AB7}
	EndProjectSection
EndProject
Project("{8BC9CEB8-8B4A-11D0-8D11-00A0C91BC942}") = "DungeonMaster", "DungeonMaster\DungeonMaster.vcxproj", "{771AE1B9-4BBA-46D0-8184-05B5C93943A2}"
	ProjectSection(ProjectDependencies) = postProject
		{A82389DA-2561-4774-BD5D-0959B7015AB7} = {A82389DA-2561-4774-BD5D-0959B7015AB7}
	EndProjectSection
EndProject
Project("{8BC9CEB8-8B4A-11D0-8D11-00A0C91BC942}") = "Qoiconv", "Qoiconv\Qoiconv.vcxproj", "{67E1B1AA-BCB0-4039-8D3E-449D3DD48588}"
EndProject
Global
	GlobalSection(SolutionConfigurationPlatforms) = preSolution
		Debug|x64 = Debug|x64
		Debug|x86 = Debug|x86
		Release|x64 = Release|x64
		Release|x86 = Release|x86
	EndGlobalSection
	GlobalSection(ProjectConfigurationPlatforms) = postSolution
		{E6DFD7F4-3191-4B7C-B6F3-18AB3FBF001F}.Debug|x64.ActiveCfg = Debug|x64
		{E6DFD7F4-3191-4B7C-B6F3-18AB3FBF001F}.Debug|x64.Build.0 = Debug|x64
		{E6DFD7F4-3191-4B7C-B6F3-18AB3FBF001F}.Debug|x86.ActiveCfg = Debug|Win32
		{E6DFD7F4-3191-4B7C-B6F3-18AB3FBF001F}.Debug|x86.Build.0 = Debug|Win32
		{E6DFD7F4-3191-4B7C-B6F3-18AB3FBF001F}.Release|x64.ActiveCfg = Release|x64
		{E6DFD7F4-3191-4B7C-B6F3-18AB3FBF001F}.Release|x64.Build.0 = Release|x64
		{E6DFD7F4-3191-4B7C-B6F3-18AB3FBF001F}.Release|x86.ActiveCfg = Release|Win32
		{E6DFD7F4-3191-4B7C-B6F3-18AB3FBF001F}.Release|x86.Build.0 = Release|Win32
		{A82389DA-2561-4774-BD5D-0959B7015AB7}.Debug|x64.ActiveCfg = Debug|x64
		{A82389DA-2561-4774-BD5D-0959B7015AB7}.Debug|x64.Build.0 = Debug|x64
		{A82389DA-2561-4774-BD5D-0959B7015AB7}.Debug|x86.ActiveCfg = Debug|Win32
		{A82389DA-2561-4774-BD5D-0959B7015AB7}.Debug|x86.Build.0 = Debug|Win32
		{A82389DA-2561-4774-BD5D-0959B7015AB7}.Release|x64.ActiveCfg = Release|x64
		{A82389DA-2561-4774-BD5D-0959B7015AB7}.Release|x64.Build.0 = Release|x64
		{A82389DA-2561-4774-BD5D-0959B7015AB7}.Release|x86.ActiveCfg = Release|Win32
		{A82389DA-2561-4774-BD5D-0959B7015AB7}.Release|x86.Build.0 = Release|Win32
		{3274DD54-63E6-4981-B27D-EFBC6FEB8424}.Debug|x64.ActiveCfg = Debug|x64
		{3274DD54-63E6-4981-B27D-EFBC6FEB8424}.Debug|x64.Build.0 = Debug|x64
		{3274DD54-63E6-4981-B27D-EFBC6FEB8424}.Debug|x86.ActiveCfg = Debug|Win32
		{3274DD54-63E6-4981-B27D-EFBC6FEB8424}.Debug|x86.Build.0 = Debug|Win32
		{3274DD54-63E6-4981-B27D-EFBC6FEB8424}.Release|x64.ActiveCfg = Release|x64
		{3274DD54-63E6-4981-B27D-EFBC6FEB8424}.Release|x64.Build.0 = Release|x64
		{3274DD54-63E6-4981-B27D-EFBC6FEB8424}.Release|x86.ActiveCfg = Release|Win32
		{3274DD54-63E6-4981-B27D-EFBC6FEB8424}.Release|x86.Build.0 = Release|Win32
		{771AE1B9-4BBA-46D0-8184-05B5C93943A2}.Debug|x64.ActiveCfg = Debug|x64
		{771AE1B9-4BBA-46D0-8184-05B5C93943A2}.Debug|x64.Build.0 = Debug|x64
		{771AE1B9-4BBA-46D0-8184-05B5C93943A2}.Debug|x86.ActiveCfg = Debug|Win32
		{771AE1B9-4BBA-46D0-8184-05B5C93943A2}.Debug|x86.Build.0 = Debug|Win32
		{771AE1B9-4BBA-46D0-8184-05B5C93943A2}.Release|x64.ActiveCfg = Release|x64
		{771AE1B9-4BBA-46D0-8184-05B5C93943A2}.Release|x64.Build.0 = Release|x64
		{771AE1B9-4BBA-46D0-8184-05B5C93943A2}.Release|x86.ActiveCfg = Release|Win32
		{771AE1B9-4BBA-46D0-8184-05B5C93943A2}.Release|x86.Build.0 = Release|Win32
		{67E1B1AA-BCB0-4039-8D3E-449D3DD48588}.Debug|x64.ActiveCfg = Debug|x64
		{67E1B1AA-BCB0-4039-8D3E-449D3DD48588}.Debug|x64.Build.0 = Debug|x64
		{67E1B1AA-BCB0-4039-8D3E-449D3DD48588}.Debug|x86.ActiveCfg = Debug|Win32
		{67E1B1AA-BCB0-4039-8D3E-449D3DD48588}.Debug|x86.Build.0 = Debug|Win32
		{67E1B1AA-BCB0-4039-8D3E-449D3DD48588}.Release|x64.ActiveCfg = Release|x64
		{67E1B1AA-BCB0-4039-8D3E-449D3DD48588}.Release|x64.Build.0 = Release|x64
		{67E1B1AA-BCB0-4039-8D3E-449D3DD48588}.Release|x86.ActiveCfg = Release|Win32
		{67E1B1AA-BCB0-4039-8D3E-449D3DD48588}.Release|x86.Build.0 = Release|Win32
	EndGlobalSection
	GlobalSection(SolutionProperties) = preSolution
		HideSolutionNode = FALSE
	EndGlobalSection
	GlobalSection(ExtensibilityGlobals) = postSolution
		SolutionGuid = {BD833A01-0409-4F26-935E-06974B018D10}
	EndGlobalSection
EndGlobal
