<?xml version="1.0" encoding="utf-8"?>
<Project ToolsVersion="4.0" xmlns="http://schemas.microsoft.com/developer/msbuild/2003">
  <ItemGroup>
    <Filter Include="Source Files">
      <UniqueIdentifier>{4FC737F1-C7A5-4376-A066-2A32D752A2FF}</UniqueIdentifier>
      <Extensions>cpp;c;cc;cxx;c++;cppm;ixx;def;odl;idl;hpj;bat;asm;asmx</Extensions>
    </Filter>
    <Filter Include="Header Files">
      <UniqueIdentifier>{93995380-89BD-4b04-88EB-625FBE52EBFB}</UniqueIdentifier>
      <Extensions>h;hh;hpp;hxx;h++;hm;inl;inc;ipp;xsd</Extensions>
    </Filter>
    <Filter Include="Resource Files">
      <UniqueIdentifier>{67DA6AB6-F800-4c08-8B7A-83BB121AAD01}</UniqueIdentifier>
      <Extensions>rc;ico;cur;bmp;dlg;rc2;rct;bin;rgs;gif;jpg;jpeg;jpe;resx;tiff;tif;png;wav;mfcribbon-ms</Extensions>
    </Filter>
  </ItemGroup>
  <ItemGroup>
    <ClInclude Include="framework.h">
      <Filter>Header Files</Filter>
    </ClInclude>
    <ClInclude Include="src\defs\d_common.h">
      <Filter>Header Files</Filter>
    </ClInclude>
    <ClInclude Include="src\defs\d_constants.h">
      <Filter>Header Files</Filter>
    </ClInclude>
    <ClInclude Include="src\engine\e_app.h">
      <Filter>Header Files</Filter>
    </ClInclude>
    <ClInclude Include="src\defs\d_string.h">
      <Filter>Header Files</Filter>
    </ClInclude>
    <ClInclude Include="oocdll.h">
      <Filter>Header Files</Filter>
    </ClInclude>
    <ClInclude Include="src\defs\d_utils.h">
      <Filter>Header Files</Filter>
    </ClInclude>
    <ClInclude Include="src\math\m_rng.h">
      <Filter>Header Files</Filter>
    </ClInclude>
    <ClInclude Include="src\render\r_image.h">
      <Filter>Header Files</Filter>
    </ClInclude>
    <ClInclude Include="src\game\g_hitbox.h">
      <Filter>Header Files</Filter>
    </ClInclude>
    <ClInclude Include="src\utils\u_hash.h">
      <Filter>Header Files</Filter>
    </ClInclude>
    <ClInclude Include="src\libs\hashmap\hashmap.h">
      <Filter>Header Files</Filter>
    </ClInclude>
    <ClInclude Include="src\render\r_sdl.h">
      <Filter>Header Files</Filter>
    </ClInclude>
    <ClInclude Include="src\libs\dirent\dirent.h">
      <Filter>Header Files</Filter>
    </ClInclude>
    <ClInclude Include="src\libs\cjson\cjson.h">
      <Filter>Header Files</Filter>
    </ClInclude>
    <ClInclude Include="src\utils\u_list.h">
      <Filter>Header Files</Filter>
    </ClInclude>
    <ClInclude Include="src\game\g_room.h">
      <Filter>Header Files</Filter>
    </ClInclude>
    <ClInclude Include="src\game\g_tile.h">
      <Filter>Header Files</Filter>
    </ClInclude>
    <ClInclude Include="src\game\g_map.h">
      <Filter>Header Files</Filter>
    </ClInclude>
    <ClInclude Include="src\game\g_enums.h">
      <Filter>Header Files</Filter>
    </ClInclude>
    <ClInclude Include="src\render\r_animation.h">
      <Filter>Header Files</Filter>
    </ClInclude>
    <ClInclude Include="src\engine\e_keyboard.h">
      <Filter>Header Files</Filter>
    </ClInclude>
    <ClInclude Include="src\game\g_entity.h">
      <Filter>Header Files</Filter>
    </ClInclude>
    <ClInclude Include="src\game\g_object.h">
      <Filter>Header Files</Filter>
    </ClInclude>
    <ClInclude Include="src\game\g_player.h">
      <Filter>Header Files</Filter>
    </ClInclude>
    <ClInclude Include="src\math\m_physics.h">
      <Filter>Header Files</Filter>
    </ClInclude>
    <ClInclude Include="src\engine\e_time.h">
      <Filter>Header Files</Filter>
    </ClInclude>
    <ClInclude Include="src\defs\d_macros.h">
      <Filter>Header Files</Filter>
    </ClInclude>
    <ClInclude Include="src\math\m_vector.h">
      <Filter>Header Files</Filter>
    </ClInclude>
    <ClInclude Include="src\math\m_math.h">
      <Filter>Header Files</Filter>
    </ClInclude>
    <ClInclude Include="src\utils\u_array.h">
      <Filter>Header Files</Filter>
    </ClInclude>
  </ItemGroup>
  <ItemGroup>
    <ClCompile Include="src\engine\e_app.c">
      <Filter>Source Files</Filter>
    </ClCompile>
    <ClCompile Include="src\defs\d_string.c">
      <Filter>Source Files</Filter>
    </ClCompile>
    <ClCompile Include="oocdll.c">
      <Filter>Source Files</Filter>
    </ClCompile>
    <ClCompile Include="src\defs\d_utils.c">
      <Filter>Source Files</Filter>
    </ClCompile>
    <ClCompile Include="src\math\m_rng.c">
      <Filter>Source Files</Filter>
    </ClCompile>
    <ClCompile Include="src\render\r_image.c">
      <Filter>Source Files</Filter>
    </ClCompile>
    <ClCompile Include="src\game\g_hitbox.c">
      <Filter>Source Files</Filter>
    </ClCompile>
    <ClCompile Include="src\utils\u_hash.c">
      <Filter>Source Files</Filter>
    </ClCompile>
    <ClCompile Include="src\libs\hashmap\hashmap.c">
      <Filter>Source Files</Filter>
    </ClCompile>
    <ClCompile Include="src\render\r_sdl.c">
      <Filter>Source Files</Filter>
    </ClCompile>
    <ClCompile Include="src\libs\cjson\cjson.c">
      <Filter>Source Files</Filter>
    </ClCompile>
    <ClCompile Include="src\utils\u_list.c">
      <Filter>Source Files</Filter>
    </ClCompile>
    <ClCompile Include="src\game\g_room.c">
      <Filter>Source Files</Filter>
    </ClCompile>
    <ClCompile Include="src\game\g_tile.c">
      <Filter>Source Files</Filter>
    </ClCompile>
    <ClCompile Include="src\game\g_map.c">
      <Filter>Source Files</Filter>
    </ClCompile>
    <ClCompile Include="src\render\r_animation.c">
      <Filter>Source Files</Filter>
    </ClCompile>
    <ClCompile Include="src\engine\e_keyboard.c">
      <Filter>Source Files</Filter>
    </ClCompile>
    <ClCompile Include="src\game\g_player.c">
      <Filter>Source Files</Filter>
    </ClCompile>
    <ClCompile Include="src\math\m_physics.c">
      <Filter>Source Files</Filter>
    </ClCompile>
    <ClCompile Include="src\engine\e_time.c">
      <Filter>Source Files</Filter>
    </ClCompile>
    <ClCompile Include="src\game\g_entity.c">
      <Filter>Source Files</Filter>
    </ClCompile>
    <ClCompile Include="src\math\m_vector.c">
      <Filter>Source Files</Filter>
    </ClCompile>
    <ClCompile Include="src\math\m_math.c">
      <Filter>Source Files</Filter>
    </ClCompile>
    <ClCompile Include="src\utils\u_array.c">
      <Filter>Source Files</Filter>
    </ClCompile>
  </ItemGroup>
  <ItemGroup>
    <Library Include="..\..\SDL2\VisualC\x64\Release\SDL2main.lib" />
    <Library Include="..\..\SDL2\VisualC\x64\Release\SDL2test.lib" />
    <Library Include="..\..\SDL2\VisualC\x64\Release\SDL2.lib" />
    <Library Include="..\..\SDL_image\VisualC\x64\Release\SDL2_image.lib" />
  </ItemGroup>
  <ItemGroup>
    <None Include="..\..\SDL_image\VisualC\x64\Release\SDL2_image.dll" />
  </ItemGroup>
</Project>